
Microsoft Visual Studio Solution File, Format Version 12.00
# Visual Studio Version 16
VisualStudioVersion = 16.0.31105.61
MinimumVisualStudioVersion = 10.0.40219.1
Project("{9A19103F-16F7-4668-BE54-9A1E7A4F7556}") = "FluentRest", "FluentRest\FluentRest.csproj", "{27726DE4-281C-4D82-981E-86CD0BF12289}"
EndProject
Project("{FAE04EC0-301F-11D3-BF4B-00C04F79EFBC}") = "FluentRest.Test", "FluentRest.Test\FluentRest.Test.csproj", "{D5336E89-0C3C-4713-9B56-AA92A0314FF4}"
EndProject
Global
	GlobalSection(SolutionConfigurationPlatforms) = preSolution
		Debug|Any CPU = Debug|Any CPU
		Release|Any CPU = Release|Any CPU
	EndGlobalSection
	GlobalSection(ProjectConfigurationPlatforms) = postSolution
		{27726DE4-281C-4D82-981E-86CD0BF12289}.Debug|Any CPU.ActiveCfg = Debug|Any CPU
		{27726DE4-281C-4D82-981E-86CD0BF12289}.Debug|Any CPU.Build.0 = Debug|Any CPU
		{27726DE4-281C-4D82-981E-86CD0BF12289}.Release|Any CPU.ActiveCfg = Release|Any CPU
		{27726DE4-281C-4D82-981E-86CD0BF12289}.Release|Any CPU.Build.0 = Release|Any CPU
		{D5336E89-0C3C-4713-9B56-AA92A0314FF4}.Debug|Any CPU.ActiveCfg = Debug|Any CPU
		{D5336E89-0C3C-4713-9B56-AA92A0314FF4}.Debug|Any CPU.Build.0 = Debug|Any CPU
		{D5336E89-0C3C-4713-9B56-AA92A0314FF4}.Release|Any CPU.ActiveCfg = Release|Any CPU
		{D5336E89-0C3C-4713-9B56-AA92A0314FF4}.Release|Any CPU.Build.0 = Release|Any CPU
	EndGlobalSection
	GlobalSection(SolutionProperties) = preSolution
		HideSolutionNode = FALSE
	EndGlobalSection
	GlobalSection(ExtensibilityGlobals) = postSolution
		SolutionGuid = {0A740083-A4A5-4593-95D8-EFB0FE57CF10}
	EndGlobalSection
EndGlobal
